
Microsoft Visual Studio Solution File, Format Version 12.00
# Visual Studio Version 16
VisualStudioVersion = 16.0.31005.135
MinimumVisualStudioVersion = 10.0.40219.1
Project("{FAE04EC0-301F-11D3-BF4B-00C04F79EFBC}") = "Polygons", "Polygons.csproj", "{93311E7C-1BAB-403B-B1EA-78E60B863575}"
EndProject
Global
	GlobalSection(SolutionConfigurationPlatforms) = preSolution
		Debug|Any CPU = Debug|Any CPU
		Release|Any CPU = Release|Any CPU
	EndGlobalSection
	GlobalSection(ProjectConfigurationPlatforms) = postSolution
		{93311E7C-1BAB-403B-B1EA-78E60B863575}.Debug|Any CPU.ActiveCfg = Debug|Any CPU
		{93311E7C-1BAB-403B-B1EA-78E60B863575}.Debug|Any CPU.Build.0 = Debug|Any CPU
		{93311E7C-1BAB-403B-B1EA-78E60B863575}.Release|Any CPU.ActiveCfg = Release|Any CPU
		{93311E7C-1BAB-403B-B1EA-78E60B863575}.Release|Any CPU.Build.0 = Release|Any CPU
	EndGlobalSection
	GlobalSection(SolutionProperties) = preSolution
		HideSolutionNode = FALSE
	EndGlobalSection
	GlobalSection(ExtensibilityGlobals) = postSolution
		SolutionGuid = {A336F24C-3100-4DC0-A455-0DC6F2BEAEF3}
	EndGlobalSection
EndGlobal
